
Microsoft Visual Studio Solution File, Format Version 12.00
# Visual Studio Version 16
VisualStudioVersion = 16.0.30104.148
MinimumVisualStudioVersion = 10.0.40219.1
Project("{F2A71F9B-5D33-465A-A702-920D77279786}") = "Ex4_Recursividade[", "Ex4_Recursividade[\Ex4_Recursividade[.fsproj", "{263A0286-EF95-48CD-96AC-80793B8BFAD0}"
EndProject
Global
	GlobalSection(SolutionConfigurationPlatforms) = preSolution
		Debug|Any CPU = Debug|Any CPU
		Release|Any CPU = Release|Any CPU
	EndGlobalSection
	GlobalSection(ProjectConfigurationPlatforms) = postSolution
		{263A0286-EF95-48CD-96AC-80793B8BFAD0}.Debug|Any CPU.ActiveCfg = Debug|Any CPU
		{263A0286-EF95-48CD-96AC-80793B8BFAD0}.Debug|Any CPU.Build.0 = Debug|Any CPU
		{263A0286-EF95-48CD-96AC-80793B8BFAD0}.Release|Any CPU.ActiveCfg = Release|Any CPU
		{263A0286-EF95-48CD-96AC-80793B8BFAD0}.Release|Any CPU.Build.0 = Release|Any CPU
	EndGlobalSection
	GlobalSection(SolutionProperties) = preSolution
		HideSolutionNode = FALSE
	EndGlobalSection
	GlobalSection(ExtensibilityGlobals) = postSolution
		SolutionGuid = {BBD4A982-BE84-47AA-9551-5821A1ECE14A}
	EndGlobalSection
EndGlobal
