
Microsoft Visual Studio Solution File, Format Version 12.00
# Visual Studio Version 16
VisualStudioVersion = 16.0.29926.136
MinimumVisualStudioVersion = 10.0.40219.1
Project("{F2A71F9B-5D33-465A-A702-920D77279786}") = "Comandos de Iteração", "Comandos de Iteração\Comandos de Iteração.fsproj", "{98303C64-A11F-4C0F-9463-BA39B1AEE04A}"
EndProject
Global
	GlobalSection(SolutionConfigurationPlatforms) = preSolution
		Debug|Any CPU = Debug|Any CPU
		Release|Any CPU = Release|Any CPU
	EndGlobalSection
	GlobalSection(ProjectConfigurationPlatforms) = postSolution
		{98303C64-A11F-4C0F-9463-BA39B1AEE04A}.Debug|Any CPU.ActiveCfg = Debug|Any CPU
		{98303C64-A11F-4C0F-9463-BA39B1AEE04A}.Debug|Any CPU.Build.0 = Debug|Any CPU
		{98303C64-A11F-4C0F-9463-BA39B1AEE04A}.Release|Any CPU.ActiveCfg = Release|Any CPU
		{98303C64-A11F-4C0F-9463-BA39B1AEE04A}.Release|Any CPU.Build.0 = Release|Any CPU
	EndGlobalSection
	GlobalSection(SolutionProperties) = preSolution
		HideSolutionNode = FALSE
	EndGlobalSection
	GlobalSection(ExtensibilityGlobals) = postSolution
		SolutionGuid = {516D81B2-E488-4BA3-A275-38D5F1DD6C37}
	EndGlobalSection
EndGlobal
