
Microsoft Visual Studio Solution File, Format Version 12.00
# Visual Studio Version 16
VisualStudioVersion = 16.0.30104.148
MinimumVisualStudioVersion = 10.0.40219.1
Project("{F2A71F9B-5D33-465A-A702-920D77279786}") = "Ex3_Pattern_Matching", "Ex3_Pattern_Matching\Ex3_Pattern_Matching.fsproj", "{B2FB6F80-3311-48E8-9D11-1D817641638C}"
EndProject
Global
	GlobalSection(SolutionConfigurationPlatforms) = preSolution
		Debug|Any CPU = Debug|Any CPU
		Release|Any CPU = Release|Any CPU
	EndGlobalSection
	GlobalSection(ProjectConfigurationPlatforms) = postSolution
		{B2FB6F80-3311-48E8-9D11-1D817641638C}.Debug|Any CPU.ActiveCfg = Debug|Any CPU
		{B2FB6F80-3311-48E8-9D11-1D817641638C}.Debug|Any CPU.Build.0 = Debug|Any CPU
		{B2FB6F80-3311-48E8-9D11-1D817641638C}.Release|Any CPU.ActiveCfg = Release|Any CPU
		{B2FB6F80-3311-48E8-9D11-1D817641638C}.Release|Any CPU.Build.0 = Release|Any CPU
	EndGlobalSection
	GlobalSection(SolutionProperties) = preSolution
		HideSolutionNode = FALSE
	EndGlobalSection
	GlobalSection(ExtensibilityGlobals) = postSolution
		SolutionGuid = {0507B7F3-635A-432A-AA05-FB6D52662565}
	EndGlobalSection
EndGlobal
