
Microsoft Visual Studio Solution File, Format Version 12.00
# Visual Studio Version 16
VisualStudioVersion = 16.0.30114.105
MinimumVisualStudioVersion = 10.0.40219.1
Project("{2150E333-8FDC-42A3-9474-1A3956D46DE8}") = "01", "01", "{7D3DD6C0-3C8C-4080-B8A5-C453933FD90D}"
EndProject
Project("{2150E333-8FDC-42A3-9474-1A3956D46DE8}") = "02", "02", "{24B8815E-25F3-406F-BC93-1BF5B380757E}"
EndProject
Project("{2150E333-8FDC-42A3-9474-1A3956D46DE8}") = "03", "03", "{7546EEDD-DEBE-4E1B-832E-47FDAD77BE1A}"
EndProject
Project("{2150E333-8FDC-42A3-9474-1A3956D46DE8}") = "04", "04", "{994F83F1-BF26-46EC-8D92-054E5BE8F461}"
EndProject
Project("{2150E333-8FDC-42A3-9474-1A3956D46DE8}") = "05", "05", "{7195E7CB-1332-4445-B405-218233DFDCBE}"
EndProject
Project("{2150E333-8FDC-42A3-9474-1A3956D46DE8}") = "06", "06", "{20046083-967A-4631-89DF-581975DF39EE}"
EndProject
Project("{2150E333-8FDC-42A3-9474-1A3956D46DE8}") = "07", "07", "{033E347F-8658-4FDA-B01F-223884C5FF4C}"
EndProject
Project("{2150E333-8FDC-42A3-9474-1A3956D46DE8}") = "08", "08", "{920186B9-6111-4737-8359-6EBB0B037DD3}"
EndProject
Project("{2150E333-8FDC-42A3-9474-1A3956D46DE8}") = "09", "09", "{7841D97E-9F99-46F3-816A-3F0342892C5C}"
EndProject
Project("{2150E333-8FDC-42A3-9474-1A3956D46DE8}") = "10", "10", "{00B998DA-F9E1-4D6F-8342-30D48114A4B7}"
EndProject
Project("{6EC3EE1D-3C4E-46DD-8F32-0CC8E7565705}") = "Ex1_Funcoes_Listas", "1 - Ex1_Funcoes_Listas\Ex1_Funcoes_Listas\Ex1_Funcoes_Listas.fsproj", "{E0BE7C84-A033-4C90-A7BB-2D21B265D2EB}"
EndProject
Project("{6EC3EE1D-3C4E-46DD-8F32-0CC8E7565705}") = "Ex2_Imutable", "2 - Ex2_Imutable\Ex2_Imutable\Ex2_Imutable.fsproj", "{83B2A65D-A6B9-404E-872F-A38E31A7CD0A}"
EndProject
Project("{6EC3EE1D-3C4E-46DD-8F32-0CC8E7565705}") = "Ex1.1 Expressões Lambdas", "3 - Ex1.1 Expressões Lambdas\Ex1.1 Expressões Lambdas\Ex1.1 Expressões Lambdas.fsproj", "{2ECAF6FF-2122-4607-B4CC-77D8C96945CE}"
EndProject
Project("{6EC3EE1D-3C4E-46DD-8F32-0CC8E7565705}") = "Sequencias", "4 - Sequencias\Sequencias\Sequencias.fsproj", "{683F8E6B-7B38-474C-B35A-6950D8C28E96}"
EndProject
Project("{6EC3EE1D-3C4E-46DD-8F32-0CC8E7565705}") = "Pipe", "5 - Pipe\Pipe\Pipe.fsproj", "{C0E22342-C0AB-40BF-85DA-551A480EA86C}"
EndProject
Project("{6EC3EE1D-3C4E-46DD-8F32-0CC8E7565705}") = "Comandos Condicionais", "6 - Comandos Condicionais\Comandos Condicionais\Comandos Condicionais.fsproj", "{6C30DFF6-5405-4105-949B-D02EBF299547}"
EndProject
Project("{6EC3EE1D-3C4E-46DD-8F32-0CC8E7565705}") = "Ex3_Pattern_Matching", "7 - Ex3_Pattern_Matching\Ex3_Pattern_Matching\Ex3_Pattern_Matching.fsproj", "{D344FB19-73F6-4F4E-BC73-D8D5E280078B}"
EndProject
Project("{6EC3EE1D-3C4E-46DD-8F32-0CC8E7565705}") = "Arrays", "8 - Arrays\Arrays\Arrays.fsproj", "{974EE8A6-61EC-4DA4-9E67-3870B1BABEFB}"
EndProject
Project("{6EC3EE1D-3C4E-46DD-8F32-0CC8E7565705}") = "Comandos de Iteração", "9 - Comandos de Iteração\Comandos de Iteração\Comandos de Iteração.fsproj", "{65985DC9-76B9-47B0-BC1B-0282CFB3834E}"
EndProject
Project("{6EC3EE1D-3C4E-46DD-8F32-0CC8E7565705}") = "Ex4_Recursividade[", "10 - Ex4_Recursividade[\Ex4_Recursividade[\Ex4_Recursividade[.fsproj", "{788B5897-0AFB-427E-8702-730C5DF46F9F}"
EndProject
Global
	GlobalSection(SolutionConfigurationPlatforms) = preSolution
		Debug|Any CPU = Debug|Any CPU
		Release|Any CPU = Release|Any CPU
	EndGlobalSection
	GlobalSection(ProjectConfigurationPlatforms) = postSolution
		{E0BE7C84-A033-4C90-A7BB-2D21B265D2EB}.Debug|Any CPU.ActiveCfg = Debug|Any CPU
		{E0BE7C84-A033-4C90-A7BB-2D21B265D2EB}.Debug|Any CPU.Build.0 = Debug|Any CPU
		{E0BE7C84-A033-4C90-A7BB-2D21B265D2EB}.Release|Any CPU.ActiveCfg = Release|Any CPU
		{E0BE7C84-A033-4C90-A7BB-2D21B265D2EB}.Release|Any CPU.Build.0 = Release|Any CPU
		{83B2A65D-A6B9-404E-872F-A38E31A7CD0A}.Debug|Any CPU.ActiveCfg = Debug|Any CPU
		{83B2A65D-A6B9-404E-872F-A38E31A7CD0A}.Debug|Any CPU.Build.0 = Debug|Any CPU
		{83B2A65D-A6B9-404E-872F-A38E31A7CD0A}.Release|Any CPU.ActiveCfg = Release|Any CPU
		{83B2A65D-A6B9-404E-872F-A38E31A7CD0A}.Release|Any CPU.Build.0 = Release|Any CPU
		{2ECAF6FF-2122-4607-B4CC-77D8C96945CE}.Debug|Any CPU.ActiveCfg = Debug|Any CPU
		{2ECAF6FF-2122-4607-B4CC-77D8C96945CE}.Debug|Any CPU.Build.0 = Debug|Any CPU
		{2ECAF6FF-2122-4607-B4CC-77D8C96945CE}.Release|Any CPU.ActiveCfg = Release|Any CPU
		{2ECAF6FF-2122-4607-B4CC-77D8C96945CE}.Release|Any CPU.Build.0 = Release|Any CPU
		{683F8E6B-7B38-474C-B35A-6950D8C28E96}.Debug|Any CPU.ActiveCfg = Debug|Any CPU
		{683F8E6B-7B38-474C-B35A-6950D8C28E96}.Debug|Any CPU.Build.0 = Debug|Any CPU
		{683F8E6B-7B38-474C-B35A-6950D8C28E96}.Release|Any CPU.ActiveCfg = Release|Any CPU
		{683F8E6B-7B38-474C-B35A-6950D8C28E96}.Release|Any CPU.Build.0 = Release|Any CPU
		{C0E22342-C0AB-40BF-85DA-551A480EA86C}.Debug|Any CPU.ActiveCfg = Debug|Any CPU
		{C0E22342-C0AB-40BF-85DA-551A480EA86C}.Debug|Any CPU.Build.0 = Debug|Any CPU
		{C0E22342-C0AB-40BF-85DA-551A480EA86C}.Release|Any CPU.ActiveCfg = Release|Any CPU
		{C0E22342-C0AB-40BF-85DA-551A480EA86C}.Release|Any CPU.Build.0 = Release|Any CPU
		{6C30DFF6-5405-4105-949B-D02EBF299547}.Debug|Any CPU.ActiveCfg = Debug|Any CPU
		{6C30DFF6-5405-4105-949B-D02EBF299547}.Debug|Any CPU.Build.0 = Debug|Any CPU
		{6C30DFF6-5405-4105-949B-D02EBF299547}.Release|Any CPU.ActiveCfg = Release|Any CPU
		{6C30DFF6-5405-4105-949B-D02EBF299547}.Release|Any CPU.Build.0 = Release|Any CPU
		{D344FB19-73F6-4F4E-BC73-D8D5E280078B}.Debug|Any CPU.ActiveCfg = Debug|Any CPU
		{D344FB19-73F6-4F4E-BC73-D8D5E280078B}.Debug|Any CPU.Build.0 = Debug|Any CPU
		{D344FB19-73F6-4F4E-BC73-D8D5E280078B}.Release|Any CPU.ActiveCfg = Release|Any CPU
		{D344FB19-73F6-4F4E-BC73-D8D5E280078B}.Release|Any CPU.Build.0 = Release|Any CPU
		{974EE8A6-61EC-4DA4-9E67-3870B1BABEFB}.Debug|Any CPU.ActiveCfg = Debug|Any CPU
		{974EE8A6-61EC-4DA4-9E67-3870B1BABEFB}.Debug|Any CPU.Build.0 = Debug|Any CPU
		{974EE8A6-61EC-4DA4-9E67-3870B1BABEFB}.Release|Any CPU.ActiveCfg = Release|Any CPU
		{974EE8A6-61EC-4DA4-9E67-3870B1BABEFB}.Release|Any CPU.Build.0 = Release|Any CPU
		{65985DC9-76B9-47B0-BC1B-0282CFB3834E}.Debug|Any CPU.ActiveCfg = Debug|Any CPU
		{65985DC9-76B9-47B0-BC1B-0282CFB3834E}.Debug|Any CPU.Build.0 = Debug|Any CPU
		{65985DC9-76B9-47B0-BC1B-0282CFB3834E}.Release|Any CPU.ActiveCfg = Release|Any CPU
		{65985DC9-76B9-47B0-BC1B-0282CFB3834E}.Release|Any CPU.Build.0 = Release|Any CPU
		{788B5897-0AFB-427E-8702-730C5DF46F9F}.Debug|Any CPU.ActiveCfg = Debug|Any CPU
		{788B5897-0AFB-427E-8702-730C5DF46F9F}.Debug|Any CPU.Build.0 = Debug|Any CPU
		{788B5897-0AFB-427E-8702-730C5DF46F9F}.Release|Any CPU.ActiveCfg = Release|Any CPU
		{788B5897-0AFB-427E-8702-730C5DF46F9F}.Release|Any CPU.Build.0 = Release|Any CPU
	EndGlobalSection
	GlobalSection(SolutionProperties) = preSolution
		HideSolutionNode = FALSE
	EndGlobalSection
	GlobalSection(NestedProjects) = preSolution
		{E0BE7C84-A033-4C90-A7BB-2D21B265D2EB} = {7D3DD6C0-3C8C-4080-B8A5-C453933FD90D}
		{83B2A65D-A6B9-404E-872F-A38E31A7CD0A} = {24B8815E-25F3-406F-BC93-1BF5B380757E}
		{2ECAF6FF-2122-4607-B4CC-77D8C96945CE} = {7546EEDD-DEBE-4E1B-832E-47FDAD77BE1A}
		{683F8E6B-7B38-474C-B35A-6950D8C28E96} = {994F83F1-BF26-46EC-8D92-054E5BE8F461}
		{C0E22342-C0AB-40BF-85DA-551A480EA86C} = {7195E7CB-1332-4445-B405-218233DFDCBE}
		{6C30DFF6-5405-4105-949B-D02EBF299547} = {20046083-967A-4631-89DF-581975DF39EE}
		{D344FB19-73F6-4F4E-BC73-D8D5E280078B} = {033E347F-8658-4FDA-B01F-223884C5FF4C}
		{974EE8A6-61EC-4DA4-9E67-3870B1BABEFB} = {920186B9-6111-4737-8359-6EBB0B037DD3}
		{65985DC9-76B9-47B0-BC1B-0282CFB3834E} = {7841D97E-9F99-46F3-816A-3F0342892C5C}
		{788B5897-0AFB-427E-8702-730C5DF46F9F} = {00B998DA-F9E1-4D6F-8342-30D48114A4B7}
	EndGlobalSection
	GlobalSection(ExtensibilityGlobals) = postSolution
		SolutionGuid = {141FA0BB-A52D-48C3-9E04-67F95FC1ED11}
	EndGlobalSection
EndGlobal
